
Microsoft Visual Studio Solution File, Format Version 12.00
# Visual Studio Version 16
VisualStudioVersion = 16.0.30225.117
MinimumVisualStudioVersion = 10.0.40219.1
Project("{FAE04EC0-301F-11D3-BF4B-00C04F79EFBC}") = "SavannahGame", "SavannahGame\SavannahGame.csproj", "{7606AC4C-2D2A-4600-A726-0E3AB2C47F2C}"
EndProject
Project("{FAE04EC0-301F-11D3-BF4B-00C04F79EFBC}") = "BetaTest", "BetaTest\BetaTest.csproj", "{6CE85E60-BE1A-4B39-BC4F-2BF9A1A4EB70}"
EndProject
Project("{9A19103F-16F7-4668-BE54-9A1E7A4F7556}") = "UnitTestOfSavannahGame", "UnitTestOfSavannahGame\UnitTestOfSavannahGame.csproj", "{CB8DCD30-716F-43D9-BFA6-9C5A452AD0FF}"
EndProject
Project("{FAE04EC0-301F-11D3-BF4B-00C04F79EFBC}") = "Persistens", "Persistens\Persistens.csproj", "{569E2718-3021-4810-98A6-82B4CD90AAD2}"
EndProject
Global
	GlobalSection(SolutionConfigurationPlatforms) = preSolution
		Debug|Any CPU = Debug|Any CPU
		Release|Any CPU = Release|Any CPU
	EndGlobalSection
	GlobalSection(ProjectConfigurationPlatforms) = postSolution
		{7606AC4C-2D2A-4600-A726-0E3AB2C47F2C}.Debug|Any CPU.ActiveCfg = Debug|Any CPU
		{7606AC4C-2D2A-4600-A726-0E3AB2C47F2C}.Debug|Any CPU.Build.0 = Debug|Any CPU
		{7606AC4C-2D2A-4600-A726-0E3AB2C47F2C}.Release|Any CPU.ActiveCfg = Release|Any CPU
		{7606AC4C-2D2A-4600-A726-0E3AB2C47F2C}.Release|Any CPU.Build.0 = Release|Any CPU
		{6CE85E60-BE1A-4B39-BC4F-2BF9A1A4EB70}.Debug|Any CPU.ActiveCfg = Debug|Any CPU
		{6CE85E60-BE1A-4B39-BC4F-2BF9A1A4EB70}.Debug|Any CPU.Build.0 = Debug|Any CPU
		{6CE85E60-BE1A-4B39-BC4F-2BF9A1A4EB70}.Release|Any CPU.ActiveCfg = Release|Any CPU
		{6CE85E60-BE1A-4B39-BC4F-2BF9A1A4EB70}.Release|Any CPU.Build.0 = Release|Any CPU
		{CB8DCD30-716F-43D9-BFA6-9C5A452AD0FF}.Debug|Any CPU.ActiveCfg = Debug|Any CPU
		{CB8DCD30-716F-43D9-BFA6-9C5A452AD0FF}.Debug|Any CPU.Build.0 = Debug|Any CPU
		{CB8DCD30-716F-43D9-BFA6-9C5A452AD0FF}.Release|Any CPU.ActiveCfg = Release|Any CPU
		{CB8DCD30-716F-43D9-BFA6-9C5A452AD0FF}.Release|Any CPU.Build.0 = Release|Any CPU
		{569E2718-3021-4810-98A6-82B4CD90AAD2}.Debug|Any CPU.ActiveCfg = Debug|Any CPU
		{569E2718-3021-4810-98A6-82B4CD90AAD2}.Debug|Any CPU.Build.0 = Debug|Any CPU
		{569E2718-3021-4810-98A6-82B4CD90AAD2}.Release|Any CPU.ActiveCfg = Release|Any CPU
		{569E2718-3021-4810-98A6-82B4CD90AAD2}.Release|Any CPU.Build.0 = Release|Any CPU
	EndGlobalSection
	GlobalSection(SolutionProperties) = preSolution
		HideSolutionNode = FALSE
	EndGlobalSection
	GlobalSection(ExtensibilityGlobals) = postSolution
		SolutionGuid = {55D468FC-D882-49A8-BC87-167E1B0996AA}
	EndGlobalSection
EndGlobal
